
Microsoft Visual Studio Solution File, Format Version 12.00
# Visual Studio 15
VisualStudioVersion = 15.0.28010.2003
MinimumVisualStudioVersion = 10.0.40219.1
Project("{FAE04EC0-301F-11D3-BF4B-00C04F79EFBC}") = "Practice_07_03.SerializConsolApp", "Practice_07_03.Console\Practice_07_03.SerializConsolApp.csproj", "{C4D4A5F3-3561-4B30-BC7F-D0404E718B1C}"
EndProject
Project("{FAE04EC0-301F-11D3-BF4B-00C04F79EFBC}") = "Practice_07_03.ClassLib", "Practice_07_03.ClassLib\Practice_07_03.ClassLib.csproj", "{FAAF94ED-C53B-4D0E-A45B-A55F00B82213}"
EndProject
Global
	GlobalSection(SolutionConfigurationPlatforms) = preSolution
		Debug|Any CPU = Debug|Any CPU
		Release|Any CPU = Release|Any CPU
	EndGlobalSection
	GlobalSection(ProjectConfigurationPlatforms) = postSolution
		{C4D4A5F3-3561-4B30-BC7F-D0404E718B1C}.Debug|Any CPU.ActiveCfg = Debug|Any CPU
		{C4D4A5F3-3561-4B30-BC7F-D0404E718B1C}.Debug|Any CPU.Build.0 = Debug|Any CPU
		{C4D4A5F3-3561-4B30-BC7F-D0404E718B1C}.Release|Any CPU.ActiveCfg = Release|Any CPU
		{C4D4A5F3-3561-4B30-BC7F-D0404E718B1C}.Release|Any CPU.Build.0 = Release|Any CPU
		{FAAF94ED-C53B-4D0E-A45B-A55F00B82213}.Debug|Any CPU.ActiveCfg = Debug|Any CPU
		{FAAF94ED-C53B-4D0E-A45B-A55F00B82213}.Debug|Any CPU.Build.0 = Debug|Any CPU
		{FAAF94ED-C53B-4D0E-A45B-A55F00B82213}.Release|Any CPU.ActiveCfg = Release|Any CPU
		{FAAF94ED-C53B-4D0E-A45B-A55F00B82213}.Release|Any CPU.Build.0 = Release|Any CPU
	EndGlobalSection
	GlobalSection(SolutionProperties) = preSolution
		HideSolutionNode = FALSE
	EndGlobalSection
	GlobalSection(ExtensibilityGlobals) = postSolution
		SolutionGuid = {3D8F9A6E-3853-4E8B-8105-AF5AC80E37A4}
	EndGlobalSection
EndGlobal
